
Microsoft Visual Studio Solution File, Format Version 12.00
# Visual Studio Version 17
VisualStudioVersion = 17.8.34525.116
MinimumVisualStudioVersion = 10.0.40219.1
Project("{9A19103F-16F7-4668-BE54-9A1E7A4F7556}") = "Kz.IdlePlanetMiner", "Kz.IdlePlanetMiner\Kz.IdlePlanetMiner.csproj", "{33E78E0E-D174-4FA0-A3EC-1F8F9D340DBA}"
EndProject
Project("{9A19103F-16F7-4668-BE54-9A1E7A4F7556}") = "Scratch.RayTracer", "ComputerGraphicsFromScratch\Scratch.RayTracer\Scratch.RayTracer.csproj", "{11850462-456E-4FEF-B8FF-3553F87658BC}"
EndProject
Project("{FAE04EC0-301F-11D3-BF4B-00C04F79EFBC}") = "Scratch.Rasterizer", "Scratch.Rasterizer\Scratch.Rasterizer.csproj", "{3F72E2D3-657C-4BA8-BC37-F9A427B8D7F9}"
EndProject
Global
	GlobalSection(SolutionConfigurationPlatforms) = preSolution
		Debug|Any CPU = Debug|Any CPU
		Release|Any CPU = Release|Any CPU
	EndGlobalSection
	GlobalSection(ProjectConfigurationPlatforms) = postSolution
		{33E78E0E-D174-4FA0-A3EC-1F8F9D340DBA}.Debug|Any CPU.ActiveCfg = Debug|Any CPU
		{33E78E0E-D174-4FA0-A3EC-1F8F9D340DBA}.Debug|Any CPU.Build.0 = Debug|Any CPU
		{33E78E0E-D174-4FA0-A3EC-1F8F9D340DBA}.Release|Any CPU.ActiveCfg = Release|Any CPU
		{33E78E0E-D174-4FA0-A3EC-1F8F9D340DBA}.Release|Any CPU.Build.0 = Release|Any CPU
		{11850462-456E-4FEF-B8FF-3553F87658BC}.Debug|Any CPU.ActiveCfg = Debug|Any CPU
		{11850462-456E-4FEF-B8FF-3553F87658BC}.Debug|Any CPU.Build.0 = Debug|Any CPU
		{11850462-456E-4FEF-B8FF-3553F87658BC}.Release|Any CPU.ActiveCfg = Release|Any CPU
		{11850462-456E-4FEF-B8FF-3553F87658BC}.Release|Any CPU.Build.0 = Release|Any CPU
		{3F72E2D3-657C-4BA8-BC37-F9A427B8D7F9}.Debug|Any CPU.ActiveCfg = Debug|Any CPU
		{3F72E2D3-657C-4BA8-BC37-F9A427B8D7F9}.Debug|Any CPU.Build.0 = Debug|Any CPU
		{3F72E2D3-657C-4BA8-BC37-F9A427B8D7F9}.Release|Any CPU.ActiveCfg = Release|Any CPU
		{3F72E2D3-657C-4BA8-BC37-F9A427B8D7F9}.Release|Any CPU.Build.0 = Release|Any CPU
	EndGlobalSection
	GlobalSection(SolutionProperties) = preSolution
		HideSolutionNode = FALSE
	EndGlobalSection
	GlobalSection(ExtensibilityGlobals) = postSolution
		SolutionGuid = {E6F51562-D52A-479B-8339-A226C4B5D24F}
	EndGlobalSection
EndGlobal
